// !$*UTF8*$!
{
	archiveVersion = 1;
	classes = {
	};
	objectVersion = 50;
	objects = {

/* Begin PBXBuildFile section */
		5E29343E22E860D000049A8F /* MasterCollectionViewCell.swift in Sources */ = {isa = PBXBuildFile; fileRef = 5E29343D22E860D000049A8F /* MasterCollectionViewCell.swift */; };
		5E29344022E860E700049A8F /* DetailTableViewCell.swift in Sources */ = {isa = PBXBuildFile; fileRef = 5E29343F22E860E700049A8F /* DetailTableViewCell.swift */; };
		5E29344222E860FA00049A8F /* MasterCollectionViewController.swift in Sources */ = {isa = PBXBuildFile; fileRef = 5E29344122E860FA00049A8F /* MasterCollectionViewController.swift */; };
		5E29344422E8611400049A8F /* DetailTableViewController.swift in Sources */ = {isa = PBXBuildFile; fileRef = 5E29344322E8611400049A8F /* DetailTableViewController.swift */; };
		5E6987E822E7DE7D009AD1B3 /* AppDelegate.swift in Sources */ = {isa = PBXBuildFile; fileRef = 5E6987E722E7DE7D009AD1B3 /* AppDelegate.swift */; };
		5E6987ED22E7DE7D009AD1B3 /* Main.storyboard in Resources */ = {isa = PBXBuildFile; fileRef = 5E6987EB22E7DE7D009AD1B3 /* Main.storyboard */; };
		5E6987EF22E7DE81009AD1B3 /* Assets.xcassets in Resources */ = {isa = PBXBuildFile; fileRef = 5E6987EE22E7DE81009AD1B3 /* Assets.xcassets */; };
		5E6987F222E7DE81009AD1B3 /* LaunchScreen.storyboard in Resources */ = {isa = PBXBuildFile; fileRef = 5E6987F022E7DE81009AD1B3 /* LaunchScreen.storyboard */; };
		5E6987FB22E7DEA3009AD1B3 /* Model.swift in Sources */ = {isa = PBXBuildFile; fileRef = 5E6987FA22E7DEA3009AD1B3 /* Model.swift */; };
		5E6987FE22E7DF30009AD1B3 /* DataService.swift in Sources */ = {isa = PBXBuildFile; fileRef = 5E6987FD22E7DF30009AD1B3 /* DataService.swift */; };
		FA2CAE6628EFE1BE00B815BD /* Data+Extension.swift in Sources */ = {isa = PBXBuildFile; fileRef = FA2CAE6528EFE1BE00B815BD /* Data+Extension.swift */; };
		FA2CAE6828EFFFA500B815BD /* UIView+Extension.swift in Sources */ = {isa = PBXBuildFile; fileRef = FA2CAE6728EFFFA500B815BD /* UIView+Extension.swift */; };
/* End PBXBuildFile section */

/* Begin PBXFileReference section */
		5E29343D22E860D000049A8F /* MasterCollectionViewCell.swift */ = {isa = PBXFileReference; lastKnownFileType = sourcecode.swift; path = MasterCollectionViewCell.swift; sourceTree = "<group>"; };
		5E29343F22E860E700049A8F /* DetailTableViewCell.swift */ = {isa = PBXFileReference; lastKnownFileType = sourcecode.swift; path = DetailTableViewCell.swift; sourceTree = "<group>"; };
		5E29344122E860FA00049A8F /* MasterCollectionViewController.swift */ = {isa = PBXFileReference; lastKnownFileType = sourcecode.swift; path = MasterCollectionViewController.swift; sourceTree = "<group>"; };
		5E29344322E8611400049A8F /* DetailTableViewController.swift */ = {isa = PBXFileReference; lastKnownFileType = sourcecode.swift; path = DetailTableViewController.swift; sourceTree = "<group>"; };
		5E6987E422E7DE7D009AD1B3 /* RequestAPI.app */ = {isa = PBXFileReference; explicitFileType = wrapper.application; includeInIndex = 0; path = RequestAPI.app; sourceTree = BUILT_PRODUCTS_DIR; };
		5E6987E722E7DE7D009AD1B3 /* AppDelegate.swift */ = {isa = PBXFileReference; lastKnownFileType = sourcecode.swift; path = AppDelegate.swift; sourceTree = "<group>"; };
		5E6987EC22E7DE7D009AD1B3 /* Base */ = {isa = PBXFileReference; lastKnownFileType = file.storyboard; name = Base; path = Base.lproj/Main.storyboard; sourceTree = "<group>"; };
		5E6987EE22E7DE81009AD1B3 /* Assets.xcassets */ = {isa = PBXFileReference; lastKnownFileType = folder.assetcatalog; path = Assets.xcassets; sourceTree = "<group>"; };
		5E6987F122E7DE81009AD1B3 /* Base */ = {isa = PBXFileReference; lastKnownFileType = file.storyboard; name = Base; path = Base.lproj/LaunchScreen.storyboard; sourceTree = "<group>"; };
		5E6987F322E7DE81009AD1B3 /* Info.plist */ = {isa = PBXFileReference; lastKnownFileType = text.plist.xml; path = Info.plist; sourceTree = "<group>"; };
		5E6987FA22E7DEA3009AD1B3 /* Model.swift */ = {isa = PBXFileReference; lastKnownFileType = sourcecode.swift; path = Model.swift; sourceTree = "<group>"; };
		5E6987FD22E7DF30009AD1B3 /* DataService.swift */ = {isa = PBXFileReference; lastKnownFileType = sourcecode.swift; path = DataService.swift; sourceTree = "<group>"; };
		FA2CAE6528EFE1BE00B815BD /* Data+Extension.swift */ = {isa = PBXFileReference; lastKnownFileType = sourcecode.swift; path = "Data+Extension.swift"; sourceTree = "<group>"; };
		FA2CAE6728EFFFA500B815BD /* UIView+Extension.swift */ = {isa = PBXFileReference; lastKnownFileType = sourcecode.swift; path = "UIView+Extension.swift"; sourceTree = "<group>"; };
/* End PBXFileReference section */

/* Begin PBXFrameworksBuildPhase section */
		5E6987E122E7DE7D009AD1B3 /* Frameworks */ = {
			isa = PBXFrameworksBuildPhase;
			buildActionMask = 2147483647;
			files = (
			);
			runOnlyForDeploymentPostprocessing = 0;
		};
/* End PBXFrameworksBuildPhase section */

/* Begin PBXGroup section */
		5E29343922E8609200049A8F /* Control */ = {
			isa = PBXGroup;
			children = (
				5E29344122E860FA00049A8F /* MasterCollectionViewController.swift */,
				5E29344322E8611400049A8F /* DetailTableViewController.swift */,
			);
			path = Control;
			sourceTree = "<group>";
		};
		5E29343C22E860BE00049A8F /* View */ = {
			isa = PBXGroup;
			children = (
				5E29343D22E860D000049A8F /* MasterCollectionViewCell.swift */,
				5E29343F22E860E700049A8F /* DetailTableViewCell.swift */,
			);
			path = View;
			sourceTree = "<group>";
		};
		5E6987DB22E7DE7D009AD1B3 = {
			isa = PBXGroup;
			children = (
				5E6987E622E7DE7D009AD1B3 /* RequestAPI */,
				5E6987E522E7DE7D009AD1B3 /* Products */,
			);
			sourceTree = "<group>";
		};
		5E6987E522E7DE7D009AD1B3 /* Products */ = {
			isa = PBXGroup;
			children = (
				5E6987E422E7DE7D009AD1B3 /* RequestAPI.app */,
			);
			name = Products;
			sourceTree = "<group>";
		};
		5E6987E622E7DE7D009AD1B3 /* RequestAPI */ = {
			isa = PBXGroup;
			children = (
				FA2CAE6328EFE18D00B815BD /* Shared */,
				5E6987E722E7DE7D009AD1B3 /* AppDelegate.swift */,
				5E29343C22E860BE00049A8F /* View */,
				5E29343922E8609200049A8F /* Control */,
				5E6987FC22E7DF1E009AD1B3 /* NetWork */,
				5E6987F922E7DE90009AD1B3 /* Model */,
				5E6987EB22E7DE7D009AD1B3 /* Main.storyboard */,
				5E6987EE22E7DE81009AD1B3 /* Assets.xcassets */,
				5E6987F022E7DE81009AD1B3 /* LaunchScreen.storyboard */,
				5E6987F322E7DE81009AD1B3 /* Info.plist */,
			);
			path = RequestAPI;
			sourceTree = "<group>";
		};
		5E6987F922E7DE90009AD1B3 /* Model */ = {
			isa = PBXGroup;
			children = (
				5E6987FA22E7DEA3009AD1B3 /* Model.swift */,
			);
			path = Model;
			sourceTree = "<group>";
		};
		5E6987FC22E7DF1E009AD1B3 /* NetWork */ = {
			isa = PBXGroup;
			children = (
				5E6987FD22E7DF30009AD1B3 /* DataService.swift */,
			);
			path = NetWork;
			sourceTree = "<group>";
		};
		FA2CAE6328EFE18D00B815BD /* Shared */ = {
			isa = PBXGroup;
			children = (
				FA2CAE6428EFE19300B815BD /* Extension */,
			);
			path = Shared;
			sourceTree = "<group>";
		};
		FA2CAE6428EFE19300B815BD /* Extension */ = {
			isa = PBXGroup;
			children = (
				FA2CAE6528EFE1BE00B815BD /* Data+Extension.swift */,
				FA2CAE6728EFFFA500B815BD /* UIView+Extension.swift */,
			);
			path = Extension;
			sourceTree = "<group>";
		};
/* End PBXGroup section */

/* Begin PBXNativeTarget section */
		5E6987E322E7DE7D009AD1B3 /* RequestAPI */ = {
			isa = PBXNativeTarget;
			buildConfigurationList = 5E6987F622E7DE81009AD1B3 /* Build configuration list for PBXNativeTarget "RequestAPI" */;
			buildPhases = (
				5E6987E022E7DE7D009AD1B3 /* Sources */,
				5E6987E122E7DE7D009AD1B3 /* Frameworks */,
				5E6987E222E7DE7D009AD1B3 /* Resources */,
			);
			buildRules = (
			);
			dependencies = (
			);
			name = RequestAPI;
			productName = RequestAPI;
			productReference = 5E6987E422E7DE7D009AD1B3 /* RequestAPI.app */;
			productType = "com.apple.product-type.application";
		};
/* End PBXNativeTarget section */

/* Begin PBXProject section */
		5E6987DC22E7DE7D009AD1B3 /* Project object */ = {
			isa = PBXProject;
			attributes = {
				LastSwiftUpdateCheck = 1000;
				LastUpgradeCheck = 1000;
				ORGANIZATIONNAME = Cuong;
				TargetAttributes = {
					5E6987E322E7DE7D009AD1B3 = {
						CreatedOnToolsVersion = 10.0;
					};
				};
			};
			buildConfigurationList = 5E6987DF22E7DE7D009AD1B3 /* Build configuration list for PBXProject "RequestAPI" */;
			compatibilityVersion = "Xcode 9.3";
			developmentRegion = en;
			hasScannedForEncodings = 0;
			knownRegions = (
				en,
				Base,
			);
			mainGroup = 5E6987DB22E7DE7D009AD1B3;
			productRefGroup = 5E6987E522E7DE7D009AD1B3 /* Products */;
			projectDirPath = "";
			projectRoot = "";
			targets = (
				5E6987E322E7DE7D009AD1B3 /* RequestAPI */,
			);
		};
/* End PBXProject section */

/* Begin PBXResourcesBuildPhase section */
		5E6987E222E7DE7D009AD1B3 /* Resources */ = {
			isa = PBXResourcesBuildPhase;
			buildActionMask = 2147483647;
			files = (
				5E6987F222E7DE81009AD1B3 /* LaunchScreen.storyboard in Resources */,
				5E6987EF22E7DE81009AD1B3 /* Assets.xcassets in Resources */,
				5E6987ED22E7DE7D009AD1B3 /* Main.storyboard in Resources */,
			);
			runOnlyForDeploymentPostprocessing = 0;
		};
/* End PBXResourcesBuildPhase section */

/* Begin PBXSourcesBuildPhase section */
		5E6987E022E7DE7D009AD1B3 /* Sources */ = {
			isa = PBXSourcesBuildPhase;
			buildActionMask = 2147483647;
			files = (
				5E29344422E8611400049A8F /* DetailTableViewController.swift in Sources */,
				FA2CAE6628EFE1BE00B815BD /* Data+Extension.swift in Sources */,
				5E29343E22E860D000049A8F /* MasterCollectionViewCell.swift in Sources */,
				FA2CAE6828EFFFA500B815BD /* UIView+Extension.swift in Sources */,
				5E6987FB22E7DEA3009AD1B3 /* Model.swift in Sources */,
				5E29344222E860FA00049A8F /* MasterCollectionViewController.swift in Sources */,
				5E6987E822E7DE7D009AD1B3 /* AppDelegate.swift in Sources */,
				5E29344022E860E700049A8F /* DetailTableViewCell.swift in Sources */,
				5E6987FE22E7DF30009AD1B3 /* DataService.swift in Sources */,
			);
			runOnlyForDeploymentPostprocessing = 0;
		};
/* End PBXSourcesBuildPhase section */

/* Begin PBXVariantGroup section */
		5E6987EB22E7DE7D009AD1B3 /* Main.storyboard */ = {
			isa = PBXVariantGroup;
			children = (
				5E6987EC22E7DE7D009AD1B3 /* Base */,
			);
			name = Main.storyboard;
			sourceTree = "<group>";
		};
		5E6987F022E7DE81009AD1B3 /* LaunchScreen.storyboard */ = {
			isa = PBXVariantGroup;
			children = (
				5E6987F122E7DE81009AD1B3 /* Base */,
			);
			name = LaunchScreen.storyboard;
			sourceTree = "<group>";
		};
/* End PBXVariantGroup section */

/* Begin XCBuildConfiguration section */
		5E6987F422E7DE81009AD1B3 /* Debug */ = {
			isa = XCBuildConfiguration;
			buildSettings = {
				ALWAYS_SEARCH_USER_PATHS = NO;
				CLANG_ANALYZER_NONNULL = YES;
				CLANG_ANALYZER_NUMBER_OBJECT_CONVERSION = YES_AGGRESSIVE;
				CLANG_CXX_LANGUAGE_STANDARD = "gnu++14";
				CLANG_CXX_LIBRARY = "libc++";
				CLANG_ENABLE_MODULES = YES;
				CLANG_ENABLE_OBJC_ARC = YES;
				CLANG_ENABLE_OBJC_WEAK = YES;
				CLANG_WARN_BLOCK_CAPTURE_AUTORELEASING = YES;
				CLANG_WARN_BOOL_CONVERSION = YES;
				CLANG_WARN_COMMA = YES;
				CLANG_WARN_CONSTANT_CONVERSION = YES;
				CLANG_WARN_DEPRECATED_OBJC_IMPLEMENTATIONS = YES;
				CLANG_WARN_DIRECT_OBJC_ISA_USAGE = YES_ERROR;
				CLANG_WARN_DOCUMENTATION_COMMENTS = YES;
				CLANG_WARN_EMPTY_BODY = YES;
				CLANG_WARN_ENUM_CONVERSION = YES;
				CLANG_WARN_INFINITE_RECURSION = YES;
				CLANG_WARN_INT_CONVERSION = YES;
				CLANG_WARN_NON_LITERAL_NULL_CONVERSION = YES;
				CLANG_WARN_OBJC_IMPLICIT_RETAIN_SELF = YES;
				CLANG_WARN_OBJC_LITERAL_CONVERSION = YES;
				CLANG_WARN_OBJC_ROOT_CLASS = YES_ERROR;
				CLANG_WARN_RANGE_LOOP_ANALYSIS = YES;
				CLANG_WARN_STRICT_PROTOTYPES = YES;
				CLANG_WARN_SUSPICIOUS_MOVE = YES;
				CLANG_WARN_UNGUARDED_AVAILABILITY = YES_AGGRESSIVE;
				CLANG_WARN_UNREACHABLE_CODE = YES;
				CLANG_WARN__DUPLICATE_METHOD_MATCH = YES;
				CODE_SIGN_IDENTITY = "iPhone Developer";
				COPY_PHASE_STRIP = NO;
				DEBUG_INFORMATION_FORMAT = dwarf;
				ENABLE_STRICT_OBJC_MSGSEND = YES;
				ENABLE_TESTABILITY = YES;
				GCC_C_LANGUAGE_STANDARD = gnu11;
				GCC_DYNAMIC_NO_PIC = NO;
				GCC_NO_COMMON_BLOCKS = YES;
				GCC_OPTIMIZATION_LEVEL = 0;
				GCC_PREPROCESSOR_DEFINITIONS = (
					"DEBUG=1",
					"$(inherited)",
				);
				GCC_WARN_64_TO_32_BIT_CONVERSION = YES;
				GCC_WARN_ABOUT_RETURN_TYPE = YES_ERROR;
				GCC_WARN_UNDECLARED_SELECTOR = YES;
				GCC_WARN_UNINITIALIZED_AUTOS = YES_AGGRESSIVE;
				GCC_WARN_UNUSED_FUNCTION = YES;
				GCC_WARN_UNUSED_VARIABLE = YES;
				IPHONEOS_DEPLOYMENT_TARGET = 12.0;
				MTL_ENABLE_DEBUG_INFO = INCLUDE_SOURCE;
				MTL_FAST_MATH = YES;
				ONLY_ACTIVE_ARCH = YES;
				SDKROOT = iphoneos;
				SWIFT_ACTIVE_COMPILATION_CONDITIONS = DEBUG;
				SWIFT_OPTIMIZATION_LEVEL = "-Onone";
			};
			name = Debug;
		};
		5E6987F522E7DE81009AD1B3 /* Release */ = {
			isa = XCBuildConfiguration;
			buildSettings = {
				ALWAYS_SEARCH_USER_PATHS = NO;
				CLANG_ANALYZER_NONNULL = YES;
				CLANG_ANALYZER_NUMBER_OBJECT_CONVERSION = YES_AGGRESSIVE;
				CLANG_CXX_LANGUAGE_STANDARD = "gnu++14";
				CLANG_CXX_LIBRARY = "libc++";
				CLANG_ENABLE_MODULES = YES;
				CLANG_ENABLE_OBJC_ARC = YES;
				CLANG_ENABLE_OBJC_WEAK = YES;
				CLANG_WARN_BLOCK_CAPTURE_AUTORELEASING = YES;
				CLANG_WARN_BOOL_CONVERSION = YES;
				CLANG_WARN_COMMA = YES;
				CLANG_WARN_CONSTANT_CONVERSION = YES;
				CLANG_WARN_DEPRECATED_OBJC_IMPLEMENTATIONS = YES;
				CLANG_WARN_DIRECT_OBJC_ISA_USAGE = YES_ERROR;
				CLANG_WARN_DOCUMENTATION_COMMENTS = YES;
				CLANG_WARN_EMPTY_BODY = YES;
				CLANG_WARN_ENUM_CONVERSION = YES;
				CLANG_WARN_INFINITE_RECURSION = YES;
				CLANG_WARN_INT_CONVERSION = YES;
				CLANG_WARN_NON_LITERAL_NULL_CONVERSION = YES;
				CLANG_WARN_OBJC_IMPLICIT_RETAIN_SELF = YES;
				CLANG_WARN_OBJC_LITERAL_CONVERSION = YES;
				CLANG_WARN_OBJC_ROOT_CLASS = YES_ERROR;
				CLANG_WARN_RANGE_LOOP_ANALYSIS = YES;
				CLANG_WARN_STRICT_PROTOTYPES = YES;
				CLANG_WARN_SUSPICIOUS_MOVE = YES;
				CLANG_WARN_UNGUARDED_AVAILABILITY = YES_AGGRESSIVE;
				CLANG_WARN_UNREACHABLE_CODE = YES;
				CLANG_WARN__DUPLICATE_METHOD_MATCH = YES;
				CODE_SIGN_IDENTITY = "iPhone Developer";
				COPY_PHASE_STRIP = NO;
				DEBUG_INFORMATION_FORMAT = "dwarf-with-dsym";
				ENABLE_NS_ASSERTIONS = NO;
				ENABLE_STRICT_OBJC_MSGSEND = YES;
				GCC_C_LANGUAGE_STANDARD = gnu11;
				GCC_NO_COMMON_BLOCKS = YES;
				GCC_WARN_64_TO_32_BIT_CONVERSION = YES;
				GCC_WARN_ABOUT_RETURN_TYPE = YES_ERROR;
				GCC_WARN_UNDECLARED_SELECTOR = YES;
				GCC_WARN_UNINITIALIZED_AUTOS = YES_AGGRESSIVE;
				GCC_WARN_UNUSED_FUNCTION = YES;
				GCC_WARN_UNUSED_VARIABLE = YES;
				IPHONEOS_DEPLOYMENT_TARGET = 12.0;
				MTL_ENABLE_DEBUG_INFO = NO;
				MTL_FAST_MATH = YES;
				SDKROOT = iphoneos;
				SWIFT_COMPILATION_MODE = wholemodule;
				SWIFT_OPTIMIZATION_LEVEL = "-O";
				VALIDATE_PRODUCT = YES;
			};
			name = Release;
		};
		5E6987F722E7DE81009AD1B3 /* Debug */ = {
			isa = XCBuildConfiguration;
			buildSettings = {
				ASSETCATALOG_COMPILER_APPICON_NAME = AppIcon;
				CODE_SIGN_STYLE = Automatic;
				INFOPLIST_FILE = RequestAPI/Info.plist;
				LD_RUNPATH_SEARCH_PATHS = (
					"$(inherited)",
					"@executable_path/Frameworks",
				);
				PRODUCT_BUNDLE_IDENTIFIER = Cuong.RequestAPI;
				PRODUCT_NAME = "$(TARGET_NAME)";
				SWIFT_VERSION = 4.2;
				TARGETED_DEVICE_FAMILY = "1,2";
			};
			name = Debug;
		};
		5E6987F822E7DE81009AD1B3 /* Release */ = {
			isa = XCBuildConfiguration;
			buildSettings = {
				ASSETCATALOG_COMPILER_APPICON_NAME = AppIcon;
				CODE_SIGN_STYLE = Automatic;
				INFOPLIST_FILE = RequestAPI/Info.plist;
				LD_RUNPATH_SEARCH_PATHS = (
					"$(inherited)",
					"@executable_path/Frameworks",
				);
				PRODUCT_BUNDLE_IDENTIFIER = Cuong.RequestAPI;
				PRODUCT_NAME = "$(TARGET_NAME)";
				SWIFT_VERSION = 4.2;
				TARGETED_DEVICE_FAMILY = "1,2";
			};
			name = Release;
		};
/* End XCBuildConfiguration section */

/* Begin XCConfigurationList section */
		5E6987DF22E7DE7D009AD1B3 /* Build configuration list for PBXProject "RequestAPI" */ = {
			isa = XCConfigurationList;
			buildConfigurations = (
				5E6987F422E7DE81009AD1B3 /* Debug */,
				5E6987F522E7DE81009AD1B3 /* Release */,
			);
			defaultConfigurationIsVisible = 0;
			defaultConfigurationName = Release;
		};
		5E6987F622E7DE81009AD1B3 /* Build configuration list for PBXNativeTarget "RequestAPI" */ = {
			isa = XCConfigurationList;
			buildConfigurations = (
				5E6987F722E7DE81009AD1B3 /* Debug */,
				5E6987F822E7DE81009AD1B3 /* Release */,
			);
			defaultConfigurationIsVisible = 0;
			defaultConfigurationName = Release;
		};
/* End XCConfigurationList section */
	};
	rootObject = 5E6987DC22E7DE7D009AD1B3 /* Project object */;
}
